
Microsoft Visual Studio Solution File, Format Version 12.00
# Visual Studio Version 16
VisualStudioVersion = 16.0.31613.86
MinimumVisualStudioVersion = 10.0.40219.1
Project("{FAE04EC0-301F-11D3-BF4B-00C04F79EFBC}") = "pAula9", "pAula9\pAula9.csproj", "{BDE8F8F5-DB4E-499E-A00D-AED52AEA775C}"
EndProject
Global
	GlobalSection(SolutionConfigurationPlatforms) = preSolution
		Debug|Any CPU = Debug|Any CPU
		Release|Any CPU = Release|Any CPU
	EndGlobalSection
	GlobalSection(ProjectConfigurationPlatforms) = postSolution
		{BDE8F8F5-DB4E-499E-A00D-AED52AEA775C}.Debug|Any CPU.ActiveCfg = Debug|Any CPU
		{BDE8F8F5-DB4E-499E-A00D-AED52AEA775C}.Debug|Any CPU.Build.0 = Debug|Any CPU
		{BDE8F8F5-DB4E-499E-A00D-AED52AEA775C}.Release|Any CPU.ActiveCfg = Release|Any CPU
		{BDE8F8F5-DB4E-499E-A00D-AED52AEA775C}.Release|Any CPU.Build.0 = Release|Any CPU
	EndGlobalSection
	GlobalSection(SolutionProperties) = preSolution
		HideSolutionNode = FALSE
	EndGlobalSection
	GlobalSection(ExtensibilityGlobals) = postSolution
		SolutionGuid = {0E570907-07B4-4C67-917D-041420428756}
	EndGlobalSection
EndGlobal
