
Microsoft Visual Studio Solution File, Format Version 12.00
# Visual Studio Version 16
VisualStudioVersion = 16.0.31613.86
MinimumVisualStudioVersion = 10.0.40219.1
Project("{FAE04EC0-301F-11D3-BF4B-00C04F79EFBC}") = "pVolume2", "pVolume2\pVolume2.csproj", "{749E0079-E7FB-45C3-9A9E-EEA6330AA213}"
EndProject
Global
	GlobalSection(SolutionConfigurationPlatforms) = preSolution
		Debug|Any CPU = Debug|Any CPU
		Release|Any CPU = Release|Any CPU
	EndGlobalSection
	GlobalSection(ProjectConfigurationPlatforms) = postSolution
		{749E0079-E7FB-45C3-9A9E-EEA6330AA213}.Debug|Any CPU.ActiveCfg = Debug|Any CPU
		{749E0079-E7FB-45C3-9A9E-EEA6330AA213}.Debug|Any CPU.Build.0 = Debug|Any CPU
		{749E0079-E7FB-45C3-9A9E-EEA6330AA213}.Release|Any CPU.ActiveCfg = Release|Any CPU
		{749E0079-E7FB-45C3-9A9E-EEA6330AA213}.Release|Any CPU.Build.0 = Release|Any CPU
	EndGlobalSection
	GlobalSection(SolutionProperties) = preSolution
		HideSolutionNode = FALSE
	EndGlobalSection
	GlobalSection(ExtensibilityGlobals) = postSolution
		SolutionGuid = {38A59A30-00EA-4A98-B76D-AC1730D61C52}
	EndGlobalSection
EndGlobal
